
Microsoft Visual Studio Solution File, Format Version 12.00
# Visual Studio Version 17
VisualStudioVersion = 17.7.34221.43
MinimumVisualStudioVersion = 10.0.40219.1
Project("{FAE04EC0-301F-11D3-BF4B-00C04F79EFBC}") = "BuilderEx", "BuilderEx\BuilderEx.csproj", "{74D0896E-931B-464A-8A13-F11AABDB1E23}"
EndProject
Project("{FAE04EC0-301F-11D3-BF4B-00C04F79EFBC}") = "BuilderBurger", "BuilderBurger\BuilderBurger.csproj", "{17B19C23-DDCA-4AED-8437-A4C83576BF27}"
EndProject
Global
	GlobalSection(SolutionConfigurationPlatforms) = preSolution
		Debug|Any CPU = Debug|Any CPU
		Release|Any CPU = Release|Any CPU
	EndGlobalSection
	GlobalSection(ProjectConfigurationPlatforms) = postSolution
		{74D0896E-931B-464A-8A13-F11AABDB1E23}.Debug|Any CPU.ActiveCfg = Debug|Any CPU
		{74D0896E-931B-464A-8A13-F11AABDB1E23}.Debug|Any CPU.Build.0 = Debug|Any CPU
		{74D0896E-931B-464A-8A13-F11AABDB1E23}.Release|Any CPU.ActiveCfg = Release|Any CPU
		{74D0896E-931B-464A-8A13-F11AABDB1E23}.Release|Any CPU.Build.0 = Release|Any CPU
		{17B19C23-DDCA-4AED-8437-A4C83576BF27}.Debug|Any CPU.ActiveCfg = Debug|Any CPU
		{17B19C23-DDCA-4AED-8437-A4C83576BF27}.Debug|Any CPU.Build.0 = Debug|Any CPU
		{17B19C23-DDCA-4AED-8437-A4C83576BF27}.Release|Any CPU.ActiveCfg = Release|Any CPU
		{17B19C23-DDCA-4AED-8437-A4C83576BF27}.Release|Any CPU.Build.0 = Release|Any CPU
	EndGlobalSection
	GlobalSection(SolutionProperties) = preSolution
		HideSolutionNode = FALSE
	EndGlobalSection
	GlobalSection(ExtensibilityGlobals) = postSolution
		SolutionGuid = {7E6C52EB-1E85-4842-BAFE-EB0436D80D05}
	EndGlobalSection
EndGlobal
